{
  "name": "@joebao/maa-pipeline-generate",
  "version": "1.1.2",
  "lockfileVersion": 3,
  "requires": true,
  "packages": {
    "": {
      "name": "@joebao/maa-pipeline-generate",
      "version": "1.1.2",
      "dependencies": {
        "@nekosu/maa-pipeline-manager": "^1.0.5",
        "jsonc-parser": "^3.3.1"
      },
      "bin": {
        "maa-pipeline-generate": "bin/maa-pipeline-generate.mjs",
        "maa-pipeline-generate-gui": "bin/maa-pipeline-generate-gui.mjs",
        "maa-pipeline-generate-task": "bin/maa-pipeline-generate-task.mjs"
      },
      "engines": {
        "node": ">=20"
      }
    },
    "../node_modules/.pnpm/@maaxyz+maa-node@5.9.0-alpha.1/node_modules/@maaxyz/maa-node": {
      "version": "5.9.0-alpha.1",
      "dev": true,
      "engines": {
        "node": ">= 20.0.0"
      },
      "optionalDependencies": {
        "@maaxyz/maa-node-darwin-arm64": "5.9.0-alpha.1",
        "@maaxyz/maa-node-darwin-x64": "5.9.0-alpha.1",
        "@maaxyz/maa-node-linux-arm64": "5.9.0-alpha.1",
        "@maaxyz/maa-node-linux-x64": "5.9.0-alpha.1",
        "@maaxyz/maa-node-win32-arm64": "5.9.0-alpha.1",
        "@maaxyz/maa-node-win32-x64": "5.9.0-alpha.1"
      }
    },
    "../node_modules/.pnpm/@tsconfig+node24@24.0.4/node_modules/@tsconfig/node24": {
      "version": "24.0.4",
      "dev": true,
      "license": "MIT"
    },
    "../node_modules/.pnpm/@types+node@25.3.0/node_modules/@types/node": {
      "version": "25.3.0",
      "dev": true,
      "license": "MIT",
      "dependencies": {
        "undici-types": "~7.18.0"
      }
    },
    "../node_modules/.pnpm/chokidar@5.0.0/node_modules/chokidar": {
      "version": "5.0.0",
      "license": "MIT",
      "dependencies": {
        "readdirp": "^5.0.0"
      },
      "devDependencies": {
        "@paulmillr/jsbt": "0.4.5",
        "@types/node": "24.10.1",
        "prettier": "3.5.2",
        "tinyspy": "3.0.2",
        "typescript": "5.9.2",
        "upath": "2.0.1"
      },
      "engines": {
        "node": ">= 20.19.0"
      },
      "funding": {
        "url": "https://paulmillr.com/funding/"
      }
    },
    "../node_modules/.pnpm/jsonc-parser@3.3.1/node_modules/jsonc-parser": {
      "version": "3.3.1",
      "license": "MIT",
      "devDependencies": {
        "@types/mocha": "^10.0.7",
        "@types/node": "^18.x",
        "@typescript-eslint/eslint-plugin": "^7.13.1",
        "@typescript-eslint/parser": "^7.13.1",
        "eslint": "^8.57.0",
        "mocha": "^10.4.0",
        "rimraf": "^5.0.7",
        "typescript": "^5.4.2"
      }
    },
    "../node_modules/.pnpm/typescript@5.9.3/node_modules/typescript": {
      "version": "5.9.3",
      "dev": true,
      "license": "Apache-2.0",
      "bin": {
        "tsc": "bin/tsc",
        "tsserver": "bin/tsserver"
      },
      "devDependencies": {
        "@dprint/formatter": "^0.4.1",
        "@dprint/typescript": "0.93.4",
        "@esfx/canceltoken": "^1.0.0",
        "@eslint/js": "^9.20.0",
        "@octokit/rest": "^21.1.1",
        "@types/chai": "^4.3.20",
        "@types/diff": "^7.0.1",
        "@types/minimist": "^1.2.5",
        "@types/mocha": "^10.0.10",
        "@types/ms": "^0.7.34",
        "@types/node": "latest",
        "@types/source-map-support": "^0.5.10",
        "@types/which": "^3.0.4",
        "@typescript-eslint/rule-tester": "^8.24.1",
        "@typescript-eslint/type-utils": "^8.24.1",
        "@typescript-eslint/utils": "^8.24.1",
        "azure-devops-node-api": "^14.1.0",
        "c8": "^10.1.3",
        "chai": "^4.5.0",
        "chokidar": "^4.0.3",
        "diff": "^7.0.0",
        "dprint": "^0.49.0",
        "esbuild": "^0.25.0",
        "eslint": "^9.20.1",
        "eslint-formatter-autolinkable-stylish": "^1.4.0",
        "eslint-plugin-regexp": "^2.7.0",
        "fast-xml-parser": "^4.5.2",
        "glob": "^10.4.5",
        "globals": "^15.15.0",
        "hereby": "^1.10.0",
        "jsonc-parser": "^3.3.1",
        "knip": "^5.44.4",
        "minimist": "^1.2.8",
        "mocha": "^10.8.2",
        "mocha-fivemat-progress-reporter": "^0.1.0",
        "monocart-coverage-reports": "^2.12.1",
        "ms": "^2.1.3",
        "picocolors": "^1.1.1",
        "playwright": "^1.50.1",
        "source-map-support": "^0.5.21",
        "tslib": "^2.8.1",
        "typescript": "^5.7.3",
        "typescript-eslint": "^8.24.1",
        "which": "^3.0.1"
      },
      "engines": {
        "node": ">=14.17"
      }
    },
    "../pkgs/maa-locale": {
      "name": "@nekosu/maa-locale",
      "version": "1.0.1",
      "devDependencies": {
        "@tsconfig/node24": "^24.0.4",
        "typescript": "^5.9.3"
      }
    },
    "../pkgs/maa-locale/node_modules/@tsconfig/node24": {
      "resolved": "../node_modules/.pnpm/@tsconfig+node24@24.0.4/node_modules/@tsconfig/node24",
      "link": true
    },
    "../pkgs/maa-locale/node_modules/typescript": {
      "resolved": "../node_modules/.pnpm/typescript@5.9.3/node_modules/typescript",
      "link": true
    },
    "../pkgs/maa-pipeline-manager": {
      "name": "@nekosu/maa-pipeline-manager",
      "version": "1.0.5",
      "dependencies": {
        "@nekosu/maa-locale": "workspace:*",
        "@nekosu/maa-tasker": "workspace:*",
        "chokidar": "^5.0.0",
        "jsonc-parser": "^3.3.1"
      },
      "devDependencies": {
        "@maaxyz/maa-node": "5.9.0-alpha.1",
        "@tsconfig/node24": "^24.0.4",
        "@types/node": "^25.3.0",
        "typescript": "^5.9.3"
      }
    },
    "../pkgs/maa-pipeline-manager/node_modules/@maaxyz/maa-node": {
      "resolved": "../node_modules/.pnpm/@maaxyz+maa-node@5.9.0-alpha.1/node_modules/@maaxyz/maa-node",
      "link": true
    },
    "../pkgs/maa-pipeline-manager/node_modules/@nekosu/maa-locale": {
      "resolved": "../pkgs/maa-locale",
      "link": true
    },
    "../pkgs/maa-pipeline-manager/node_modules/@nekosu/maa-tasker": {
      "resolved": "../pkgs/maa-tasker",
      "link": true
    },
    "../pkgs/maa-pipeline-manager/node_modules/@tsconfig/node24": {
      "resolved": "../node_modules/.pnpm/@tsconfig+node24@24.0.4/node_modules/@tsconfig/node24",
      "link": true
    },
    "../pkgs/maa-pipeline-manager/node_modules/@types/node": {
      "resolved": "../node_modules/.pnpm/@types+node@25.3.0/node_modules/@types/node",
      "link": true
    },
    "../pkgs/maa-pipeline-manager/node_modules/chokidar": {
      "resolved": "../node_modules/.pnpm/chokidar@5.0.0/node_modules/chokidar",
      "link": true
    },
    "../pkgs/maa-pipeline-manager/node_modules/jsonc-parser": {
      "resolved": "../node_modules/.pnpm/jsonc-parser@3.3.1/node_modules/jsonc-parser",
      "link": true
    },
    "../pkgs/maa-pipeline-manager/node_modules/typescript": {
      "resolved": "../node_modules/.pnpm/typescript@5.9.3/node_modules/typescript",
      "link": true
    },
    "../pkgs/maa-tasker": {
      "name": "@nekosu/maa-tasker",
      "version": "1.0.0",
      "dependencies": {
        "@nekosu/simple-parser": "workspace:*"
      },
      "devDependencies": {
        "@tsconfig/node24": "^24.0.4",
        "@types/node": "^25.3.0"
      }
    },
    "../pkgs/maa-tasker/node_modules/@nekosu/simple-parser": {
      "resolved": "../pkgs/simple-parser",
      "link": true
    },
    "../pkgs/maa-tasker/node_modules/@tsconfig/node24": {
      "resolved": "../node_modules/.pnpm/@tsconfig+node24@24.0.4/node_modules/@tsconfig/node24",
      "link": true
    },
    "../pkgs/maa-tasker/node_modules/@types/node": {
      "resolved": "../node_modules/.pnpm/@types+node@25.3.0/node_modules/@types/node",
      "link": true
    },
    "../pkgs/simple-parser": {
      "name": "@nekosu/simple-parser",
      "version": "1.0.0",
      "devDependencies": {
        "@tsconfig/node24": "^24.0.4"
      }
    },
    "../pkgs/simple-parser/node_modules/@tsconfig/node24": {
      "resolved": "../node_modules/.pnpm/@tsconfig+node24@24.0.4/node_modules/@tsconfig/node24",
      "link": true
    },
    "node_modules/@nekosu/maa-pipeline-manager": {
      "resolved": "../pkgs/maa-pipeline-manager",
      "link": true
    },
    "node_modules/jsonc-parser": {
      "resolved": "../node_modules/.pnpm/jsonc-parser@3.3.1/node_modules/jsonc-parser",
      "link": true
    }
  }
}
